
Microsoft Visual Studio Solution File, Format Version 12.00
# Visual Studio Version 17
VisualStudioVersion = 17.7.34031.279
MinimumVisualStudioVersion = 10.0.40219.1
Project("{FAE04EC0-301F-11D3-BF4B-00C04F79EFBC}") = "testwpf", "testwpf.csproj", "{93408928-1038-4C3A-91AB-449809155E37}"
EndProject
Global
	GlobalSection(SolutionConfigurationPlatforms) = preSolution
		Debug|Any CPU = Debug|Any CPU
		Release|Any CPU = Release|Any CPU
	EndGlobalSection
	GlobalSection(ProjectConfigurationPlatforms) = postSolution
		{93408928-1038-4C3A-91AB-449809155E37}.Debug|Any CPU.ActiveCfg = Debug|Any CPU
		{93408928-1038-4C3A-91AB-449809155E37}.Debug|Any CPU.Build.0 = Debug|Any CPU
		{93408928-1038-4C3A-91AB-449809155E37}.Release|Any CPU.ActiveCfg = Release|Any CPU
		{93408928-1038-4C3A-91AB-449809155E37}.Release|Any CPU.Build.0 = Release|Any CPU
	EndGlobalSection
	GlobalSection(SolutionProperties) = preSolution
		HideSolutionNode = FALSE
	EndGlobalSection
	GlobalSection(ExtensibilityGlobals) = postSolution
		SolutionGuid = {A98F5915-B159-4079-8698-5E8CD103F9FA}
	EndGlobalSection
EndGlobal
